
Microsoft Visual Studio Solution File, Format Version 12.00
# Visual Studio 2017
Project("{FAE04EC0-301F-11D3-BF4B-00C04F79EFBC}") = "vr-math-engine", "vr-math-engine.csproj", "{12EC0B04-7CA0-91EA-915F-463BB2B90F00}"
EndProject
Project("{FAE04EC0-301F-11D3-BF4B-00C04F79EFBC}") = "vr-math-engine.Editor", "vr-math-engine.Editor.csproj", "{15F43823-5AD3-492E-7213-9EF50FF1ABBF}"
EndProject
Global
	GlobalSection(SolutionConfigurationPlatforms) = preSolution
		Debug|Any CPU = Debug|Any CPU
		Release|Any CPU = Release|Any CPU
	EndGlobalSection
	GlobalSection(ProjectConfigurationPlatforms) = postSolution
		{12EC0B04-7CA0-91EA-915F-463BB2B90F00}.Debug|Any CPU.ActiveCfg = Debug|Any CPU
		{12EC0B04-7CA0-91EA-915F-463BB2B90F00}.Debug|Any CPU.Build.0 = Debug|Any CPU
		{12EC0B04-7CA0-91EA-915F-463BB2B90F00}.Release|Any CPU.ActiveCfg = Release|Any CPU
		{12EC0B04-7CA0-91EA-915F-463BB2B90F00}.Release|Any CPU.Build.0 = Release|Any CPU
		{15F43823-5AD3-492E-7213-9EF50FF1ABBF}.Debug|Any CPU.ActiveCfg = Debug|Any CPU
		{15F43823-5AD3-492E-7213-9EF50FF1ABBF}.Debug|Any CPU.Build.0 = Debug|Any CPU
		{15F43823-5AD3-492E-7213-9EF50FF1ABBF}.Release|Any CPU.ActiveCfg = Release|Any CPU
		{15F43823-5AD3-492E-7213-9EF50FF1ABBF}.Release|Any CPU.Build.0 = Release|Any CPU
	EndGlobalSection
	GlobalSection(SolutionProperties) = preSolution
		HideSolutionNode = FALSE
	EndGlobalSection
EndGlobal
